
Microsoft Visual Studio Solution File, Format Version 12.00
# Visual Studio Version 16
VisualStudioVersion = 16.0.31005.135
MinimumVisualStudioVersion = 10.0.40219.1
Project("{FAE04EC0-301F-11D3-BF4B-00C04F79EFBC}") = "PronosticoTiempo", "PronosticoTiempo\PronosticoTiempo.csproj", "{20912FC5-5F00-4852-914C-C4E878B43309}"
EndProject
Global
	GlobalSection(SolutionConfigurationPlatforms) = preSolution
		Debug|Any CPU = Debug|Any CPU
		Release|Any CPU = Release|Any CPU
	EndGlobalSection
	GlobalSection(ProjectConfigurationPlatforms) = postSolution
		{20912FC5-5F00-4852-914C-C4E878B43309}.Debug|Any CPU.ActiveCfg = Debug|Any CPU
		{20912FC5-5F00-4852-914C-C4E878B43309}.Debug|Any CPU.Build.0 = Debug|Any CPU
		{20912FC5-5F00-4852-914C-C4E878B43309}.Release|Any CPU.ActiveCfg = Release|Any CPU
		{20912FC5-5F00-4852-914C-C4E878B43309}.Release|Any CPU.Build.0 = Release|Any CPU
	EndGlobalSection
	GlobalSection(SolutionProperties) = preSolution
		HideSolutionNode = FALSE
	EndGlobalSection
	GlobalSection(ExtensibilityGlobals) = postSolution
		SolutionGuid = {44C85AED-0A0D-404E-963E-54AA4045F5DB}
	EndGlobalSection
EndGlobal
